
Microsoft Visual Studio Solution File, Format Version 12.00
# Visual Studio 2012
Project("{FAE04EC0-301F-11D3-BF4B-00C04F79EFBC}") = "POD_lab8", "POD_lab8\POD_lab8.csproj", "{3C98ACA8-1BA2-45B9-BFDA-8376870BE4CC}"
EndProject
Global
	GlobalSection(SolutionConfigurationPlatforms) = preSolution
		Debug|Any CPU = Debug|Any CPU
		Release|Any CPU = Release|Any CPU
	EndGlobalSection
	GlobalSection(ProjectConfigurationPlatforms) = postSolution
		{3C98ACA8-1BA2-45B9-BFDA-8376870BE4CC}.Debug|Any CPU.ActiveCfg = Debug|Any CPU
		{3C98ACA8-1BA2-45B9-BFDA-8376870BE4CC}.Debug|Any CPU.Build.0 = Debug|Any CPU
		{3C98ACA8-1BA2-45B9-BFDA-8376870BE4CC}.Release|Any CPU.ActiveCfg = Release|Any CPU
		{3C98ACA8-1BA2-45B9-BFDA-8376870BE4CC}.Release|Any CPU.Build.0 = Release|Any CPU
	EndGlobalSection
	GlobalSection(SolutionProperties) = preSolution
		HideSolutionNode = FALSE
	EndGlobalSection
EndGlobal
